schema: '2.0'
stages:
  load_docs:
    cmd: python src/ingestion/load_docs.py
    deps:
    - path: data/processed/arxiv_processed.csv
      hash: md5
      md5: bbcd808703397fe6ffdb2b903e8f73a7
      size: 898176
    outs:
    - path: data/processed/loaded_docs.jsonl
      hash: md5
      md5: 701dfd52ba69da353885d5dc5de68e53
      size: 926446
  preprocess:
    cmd: python src/ingestion/preprocess.py
    deps:
    - path: data/processed/loaded_docs.jsonl
      hash: md5
      md5: 701dfd52ba69da353885d5dc5de68e53
      size: 926446
    outs:
    - path: data/processed/cleaned_docs.jsonl
      hash: md5
      md5: 311c18b7eb992558cb53f93a146d6042
      size: 912363
